
Microsoft Visual Studio Solution File, Format Version 12.00
# Visual Studio Version 17
VisualStudioVersion = 17.8.34511.84
MinimumVisualStudioVersion = 10.0.40219.1
Project("{FAE04EC0-301F-11D3-BF4B-00C04F79EFBC}") = "BE-U3-W3-D1-Esercitazione-ASP.NET", "BE-U3-W3-D1-Esercitazione-ASP.NET\BE-U3-W3-D1-Esercitazione-ASP.NET.csproj", "{EE4997D9-2A8D-4B07-BE49-79C9E8D8DEBC}"
EndProject
Global
	GlobalSection(SolutionConfigurationPlatforms) = preSolution
		Debug|Any CPU = Debug|Any CPU
		Release|Any CPU = Release|Any CPU
	EndGlobalSection
	GlobalSection(ProjectConfigurationPlatforms) = postSolution
		{EE4997D9-2A8D-4B07-BE49-79C9E8D8DEBC}.Debug|Any CPU.ActiveCfg = Debug|Any CPU
		{EE4997D9-2A8D-4B07-BE49-79C9E8D8DEBC}.Debug|Any CPU.Build.0 = Debug|Any CPU
		{EE4997D9-2A8D-4B07-BE49-79C9E8D8DEBC}.Release|Any CPU.ActiveCfg = Release|Any CPU
		{EE4997D9-2A8D-4B07-BE49-79C9E8D8DEBC}.Release|Any CPU.Build.0 = Release|Any CPU
	EndGlobalSection
	GlobalSection(SolutionProperties) = preSolution
		HideSolutionNode = FALSE
	EndGlobalSection
	GlobalSection(ExtensibilityGlobals) = postSolution
		SolutionGuid = {D8846D84-82AD-4343-8F88-AA8FB736168B}
	EndGlobalSection
EndGlobal
